
Microsoft Visual Studio Solution File, Format Version 12.00
# Visual Studio 15
Project("{FAE04EC0-301F-11D3-BF4B-00C04F79EFBC}") = "Assembly-CSharp", "Assembly-CSharp.csproj", "{BA67FFEC-7B46-9516-A8B8-FDB80F03F666}"
EndProject
Project("{FAE04EC0-301F-11D3-BF4B-00C04F79EFBC}") = "Assembly-CSharp-Editor", "Assembly-CSharp-Editor.csproj", "{0B0A7F26-3D9F-340E-143C-A2967728D461}"
EndProject
Global
	GlobalSection(SolutionConfigurationPlatforms) = preSolution
		Debug|Any CPU = Debug|Any CPU
		Release|Any CPU = Release|Any CPU
	EndGlobalSection
	GlobalSection(ProjectConfigurationPlatforms) = postSolution
		{BA67FFEC-7B46-9516-A8B8-FDB80F03F666}.Debug|Any CPU.ActiveCfg = Debug|Any CPU
		{BA67FFEC-7B46-9516-A8B8-FDB80F03F666}.Debug|Any CPU.Build.0 = Debug|Any CPU
		{BA67FFEC-7B46-9516-A8B8-FDB80F03F666}.Release|Any CPU.ActiveCfg = Release|Any CPU
		{BA67FFEC-7B46-9516-A8B8-FDB80F03F666}.Release|Any CPU.Build.0 = Release|Any CPU
		{0B0A7F26-3D9F-340E-143C-A2967728D461}.Debug|Any CPU.ActiveCfg = Debug|Any CPU
		{0B0A7F26-3D9F-340E-143C-A2967728D461}.Debug|Any CPU.Build.0 = Debug|Any CPU
		{0B0A7F26-3D9F-340E-143C-A2967728D461}.Release|Any CPU.ActiveCfg = Release|Any CPU
		{0B0A7F26-3D9F-340E-143C-A2967728D461}.Release|Any CPU.Build.0 = Release|Any CPU
	EndGlobalSection
	GlobalSection(SolutionProperties) = preSolution
		HideSolutionNode = FALSE
	EndGlobalSection
EndGlobal
