
Microsoft Visual Studio Solution File, Format Version 12.00
# Visual Studio 15
Project("{FAE04EC0-301F-11D3-BF4B-00C04F79EFBC}") = "Assembly-CSharp", "Assembly-CSharp.csproj", "{F7C4EFBA-FE00-3524-76EC-D908A146A786}"
EndProject
Project("{FAE04EC0-301F-11D3-BF4B-00C04F79EFBC}") = "Assembly-CSharp-Editor", "Assembly-CSharp-Editor.csproj", "{89B2F07F-C586-0A94-EDB4-BB3CC0C6381E}"
EndProject
Global
	GlobalSection(SolutionConfigurationPlatforms) = preSolution
		Debug|Any CPU = Debug|Any CPU
		Release|Any CPU = Release|Any CPU
	EndGlobalSection
	GlobalSection(ProjectConfigurationPlatforms) = postSolution
		{F7C4EFBA-FE00-3524-76EC-D908A146A786}.Debug|Any CPU.ActiveCfg = Debug|Any CPU
		{F7C4EFBA-FE00-3524-76EC-D908A146A786}.Debug|Any CPU.Build.0 = Debug|Any CPU
		{F7C4EFBA-FE00-3524-76EC-D908A146A786}.Release|Any CPU.ActiveCfg = Release|Any CPU
		{F7C4EFBA-FE00-3524-76EC-D908A146A786}.Release|Any CPU.Build.0 = Release|Any CPU
		{89B2F07F-C586-0A94-EDB4-BB3CC0C6381E}.Debug|Any CPU.ActiveCfg = Debug|Any CPU
		{89B2F07F-C586-0A94-EDB4-BB3CC0C6381E}.Debug|Any CPU.Build.0 = Debug|Any CPU
		{89B2F07F-C586-0A94-EDB4-BB3CC0C6381E}.Release|Any CPU.ActiveCfg = Release|Any CPU
		{89B2F07F-C586-0A94-EDB4-BB3CC0C6381E}.Release|Any CPU.Build.0 = Release|Any CPU
	EndGlobalSection
	GlobalSection(SolutionProperties) = preSolution
		HideSolutionNode = FALSE
	EndGlobalSection
EndGlobal
